
Microsoft Visual Studio Solution File, Format Version 12.00
# Visual Studio Version 16
VisualStudioVersion = 16.0.29123.88
MinimumVisualStudioVersion = 10.0.40219.1
Project("{2150E333-8FDC-42A3-9474-1A3956D46DE8}") = "src", "src", "{3CD7A985-F1A6-44DB-9FC2-D1441E3470C5}"
EndProject
Project("{FAE04EC0-301F-11D3-BF4B-00C04F79EFBC}") = "Products.API", "src\Products\Products.API.csproj", "{E33FFF90-8E97-436E-B02B-2CEF21ADF9FA}"
EndProject
Project("{2150E333-8FDC-42A3-9474-1A3956D46DE8}") = "API", "API", "{47147900-264B-4BA6-A88C-A206C0B4ED14}"
EndProject
Project("{2150E333-8FDC-42A3-9474-1A3956D46DE8}") = "Web", "Web", "{9D14A018-E532-433D-8034-9B58CBC3A4FD}"
EndProject
Project("{FAE04EC0-301F-11D3-BF4B-00C04F79EFBC}") = "Order.Site", "src\Order.Site\Order.Site.csproj", "{E383CD46-0AEE-4BF8-B1EC-CDE26A15AC93}"
EndProject
Project("{9A19103F-16F7-4668-BE54-9A1E7A4F7556}") = "Order.API", "src\Order.API\Order.API.csproj", "{A9DB2058-6346-4E13-AB2C-594543D459F2}"
EndProject
Project("{2150E333-8FDC-42A3-9474-1A3956D46DE8}") = "Worker", "Worker", "{403B5538-1B78-4D03-87D4-AF918FED763E}"
EndProject
Project("{FAE04EC0-301F-11D3-BF4B-00C04F79EFBC}") = "Finance.Worker", "src\Finance.Worker\Finance.Worker.csproj", "{238229EC-5DED-4816-AF2A-63DE9B96BCB3}"
EndProject
Project("{FAE04EC0-301F-11D3-BF4B-00C04F79EFBC}") = "Warehouse.Worker", "src\Warehouse.Worker\Warehouse.Worker.csproj", "{3F3B99D1-04DD-47D2-B124-4E75A8266C75}"
EndProject
Project("{FAE04EC0-301F-11D3-BF4B-00C04F79EFBC}") = "Shipping.Worker", "src\Shipping.Worker\Shipping.Worker.csproj", "{94E73D9A-6AB8-41F7-A13E-C2BCBE334CF7}"
EndProject
Project("{9A19103F-16F7-4668-BE54-9A1E7A4F7556}") = "Order.Orchestrator", "src\Order.Orchestrator\Order.Orchestrator.csproj", "{FC77C714-B47A-4D89-97D0-FA49435BC590}"
EndProject
Project("{E53339B2-1760-4266-BCC7-CA923CBCF16C}") = "docker-compose", "docker-compose.dcproj", "{9B4C9922-7CB6-4518-8CA9-D104A609C3DF}"
EndProject
Global
	GlobalSection(SolutionConfigurationPlatforms) = preSolution
		Debug|Any CPU = Debug|Any CPU
		Release|Any CPU = Release|Any CPU
	EndGlobalSection
	GlobalSection(ProjectConfigurationPlatforms) = postSolution
		{E33FFF90-8E97-436E-B02B-2CEF21ADF9FA}.Debug|Any CPU.ActiveCfg = Debug|Any CPU
		{E33FFF90-8E97-436E-B02B-2CEF21ADF9FA}.Debug|Any CPU.Build.0 = Debug|Any CPU
		{E33FFF90-8E97-436E-B02B-2CEF21ADF9FA}.Release|Any CPU.ActiveCfg = Release|Any CPU
		{E33FFF90-8E97-436E-B02B-2CEF21ADF9FA}.Release|Any CPU.Build.0 = Release|Any CPU
		{E383CD46-0AEE-4BF8-B1EC-CDE26A15AC93}.Debug|Any CPU.ActiveCfg = Debug|Any CPU
		{E383CD46-0AEE-4BF8-B1EC-CDE26A15AC93}.Debug|Any CPU.Build.0 = Debug|Any CPU
		{E383CD46-0AEE-4BF8-B1EC-CDE26A15AC93}.Release|Any CPU.ActiveCfg = Release|Any CPU
		{E383CD46-0AEE-4BF8-B1EC-CDE26A15AC93}.Release|Any CPU.Build.0 = Release|Any CPU
		{A9DB2058-6346-4E13-AB2C-594543D459F2}.Debug|Any CPU.ActiveCfg = Debug|Any CPU
		{A9DB2058-6346-4E13-AB2C-594543D459F2}.Debug|Any CPU.Build.0 = Debug|Any CPU
		{A9DB2058-6346-4E13-AB2C-594543D459F2}.Release|Any CPU.ActiveCfg = Release|Any CPU
		{A9DB2058-6346-4E13-AB2C-594543D459F2}.Release|Any CPU.Build.0 = Release|Any CPU
		{238229EC-5DED-4816-AF2A-63DE9B96BCB3}.Debug|Any CPU.ActiveCfg = Debug|Any CPU
		{238229EC-5DED-4816-AF2A-63DE9B96BCB3}.Debug|Any CPU.Build.0 = Debug|Any CPU
		{238229EC-5DED-4816-AF2A-63DE9B96BCB3}.Release|Any CPU.ActiveCfg = Release|Any CPU
		{238229EC-5DED-4816-AF2A-63DE9B96BCB3}.Release|Any CPU.Build.0 = Release|Any CPU
		{3F3B99D1-04DD-47D2-B124-4E75A8266C75}.Debug|Any CPU.ActiveCfg = Debug|Any CPU
		{3F3B99D1-04DD-47D2-B124-4E75A8266C75}.Debug|Any CPU.Build.0 = Debug|Any CPU
		{3F3B99D1-04DD-47D2-B124-4E75A8266C75}.Release|Any CPU.ActiveCfg = Release|Any CPU
		{3F3B99D1-04DD-47D2-B124-4E75A8266C75}.Release|Any CPU.Build.0 = Release|Any CPU
		{94E73D9A-6AB8-41F7-A13E-C2BCBE334CF7}.Debug|Any CPU.ActiveCfg = Debug|Any CPU
		{94E73D9A-6AB8-41F7-A13E-C2BCBE334CF7}.Debug|Any CPU.Build.0 = Debug|Any CPU
		{94E73D9A-6AB8-41F7-A13E-C2BCBE334CF7}.Release|Any CPU.ActiveCfg = Release|Any CPU
		{94E73D9A-6AB8-41F7-A13E-C2BCBE334CF7}.Release|Any CPU.Build.0 = Release|Any CPU
		{FC77C714-B47A-4D89-97D0-FA49435BC590}.Debug|Any CPU.ActiveCfg = Debug|Any CPU
		{FC77C714-B47A-4D89-97D0-FA49435BC590}.Debug|Any CPU.Build.0 = Debug|Any CPU
		{FC77C714-B47A-4D89-97D0-FA49435BC590}.Release|Any CPU.ActiveCfg = Release|Any CPU
		{FC77C714-B47A-4D89-97D0-FA49435BC590}.Release|Any CPU.Build.0 = Release|Any CPU
		{9B4C9922-7CB6-4518-8CA9-D104A609C3DF}.Debug|Any CPU.ActiveCfg = Debug|Any CPU
		{9B4C9922-7CB6-4518-8CA9-D104A609C3DF}.Debug|Any CPU.Build.0 = Debug|Any CPU
		{9B4C9922-7CB6-4518-8CA9-D104A609C3DF}.Release|Any CPU.ActiveCfg = Release|Any CPU
		{9B4C9922-7CB6-4518-8CA9-D104A609C3DF}.Release|Any CPU.Build.0 = Release|Any CPU
	EndGlobalSection
	GlobalSection(SolutionProperties) = preSolution
		HideSolutionNode = FALSE
	EndGlobalSection
	GlobalSection(NestedProjects) = preSolution
		{E33FFF90-8E97-436E-B02B-2CEF21ADF9FA} = {47147900-264B-4BA6-A88C-A206C0B4ED14}
		{47147900-264B-4BA6-A88C-A206C0B4ED14} = {3CD7A985-F1A6-44DB-9FC2-D1441E3470C5}
		{9D14A018-E532-433D-8034-9B58CBC3A4FD} = {3CD7A985-F1A6-44DB-9FC2-D1441E3470C5}
		{E383CD46-0AEE-4BF8-B1EC-CDE26A15AC93} = {9D14A018-E532-433D-8034-9B58CBC3A4FD}
		{A9DB2058-6346-4E13-AB2C-594543D459F2} = {47147900-264B-4BA6-A88C-A206C0B4ED14}
		{403B5538-1B78-4D03-87D4-AF918FED763E} = {3CD7A985-F1A6-44DB-9FC2-D1441E3470C5}
		{238229EC-5DED-4816-AF2A-63DE9B96BCB3} = {403B5538-1B78-4D03-87D4-AF918FED763E}
		{3F3B99D1-04DD-47D2-B124-4E75A8266C75} = {403B5538-1B78-4D03-87D4-AF918FED763E}
		{94E73D9A-6AB8-41F7-A13E-C2BCBE334CF7} = {403B5538-1B78-4D03-87D4-AF918FED763E}
		{FC77C714-B47A-4D89-97D0-FA49435BC590} = {403B5538-1B78-4D03-87D4-AF918FED763E}
	EndGlobalSection
	GlobalSection(ExtensibilityGlobals) = postSolution
		SolutionGuid = {6135AF38-1F65-46C0-B7DA-E90618EAFB9B}
	EndGlobalSection
EndGlobal
